
Microsoft Visual Studio Solution File, Format Version 12.00
# Visual Studio Version 17
VisualStudioVersion = 17.3.32804.467
MinimumVisualStudioVersion = 10.0.40219.1
Project("{9A19103F-16F7-4668-BE54-9A1E7A4F7556}") = "CloneInstagramAPI.Api", "CloneInstagramAPI.Api\CloneInstagramAPI.Api.csproj", "{08C86253-830B-496B-A80A-30FAA07A683E}"
EndProject
Project("{9A19103F-16F7-4668-BE54-9A1E7A4F7556}") = "CloneInstagramAPI.Contracts", "CloneInstagramAPI.Contracts\CloneInstagramAPI.Contracts.csproj", "{9057E319-B6D9-4F00-BD78-03E86ED7020C}"
EndProject
Project("{9A19103F-16F7-4668-BE54-9A1E7A4F7556}") = "CloneInstagramAPI.Application", "CloneInstagramAPI.Application\CloneInstagramAPI.Application.csproj", "{0B46D79A-2668-4D4A-95DC-CD5F5EA7FCE6}"
EndProject
Project("{9A19103F-16F7-4668-BE54-9A1E7A4F7556}") = "CloneInstagramAPI.Domain", "CloneInstagramAPI.Domain\CloneInstagramAPI.Domain.csproj", "{5D971CCB-4470-44BC-BE8B-7FFBEA19CEE2}"
EndProject
Project("{9A19103F-16F7-4668-BE54-9A1E7A4F7556}") = "CloneInstagramAPI.Infrastructure", "CloneInstagramAPI.Infrastructure\CloneInstagramAPI.Infrastructure.csproj", "{DC650F7F-0273-415E-9AF7-D0D8EE62D97E}"
EndProject
Project("{9A19103F-16F7-4668-BE54-9A1E7A4F7556}") = "CloneInstagramAPI.Tests", "CloneInstagramAPI.Tests\CloneInstagramAPI.Tests.csproj", "{7D8B68FA-39F6-4CC4-B967-B05FCC864F62}"
EndProject
Project("{2150E333-8FDC-42A3-9474-1A3956D46DE8}") = "Requests", "Requests", "{0D0D89D5-166D-4E55-A647-574A426F9E72}"
EndProject
Project("{2150E333-8FDC-42A3-9474-1A3956D46DE8}") = "Authentication", "Authentication", "{7D97B9E8-F5E6-48CA-90C1-360E51FB2A2D}"
	ProjectSection(SolutionItems) = preProject
		Login.http = Login.http
		Registration.http = Registration.http
	EndProjectSection
EndProject
Project("{2150E333-8FDC-42A3-9474-1A3956D46DE8}") = "Users", "Users", "{8D1BCC95-98C7-44E0-BC67-A409D220F100}"
	ProjectSection(SolutionItems) = preProject
		DeleteCurrent.http = DeleteCurrent.http
		GetCurrent.http = GetCurrent.http
		UpdateCurrent.http = UpdateCurrent.http
		GetUserByUsername.http = GetUserByUsername.http
		UpdatePasswordCurrent.http = UpdatePasswordCurrent.http
	EndProjectSection
EndProject
Project("{2150E333-8FDC-42A3-9474-1A3956D46DE8}") = "Admins", "Admins", "{697FF24F-86D4-45B2-B0A9-B89FC22A6064}"
	ProjectSection(SolutionItems) = preProject
		BanUserById.http = BanUserById.http
		DeleteUserById.http = DeleteUserById.http
		GetAllUsers.http = GetAllUsers.http
		GetUserById.http = GetUserById.http
		UpdateRoleUserById.http = UpdateRoleUserById.http
		UnbanUserById.http = UnbanUserById.http
	EndProjectSection
EndProject
Project("{2150E333-8FDC-42A3-9474-1A3956D46DE8}") = "Posts", "Posts", "{EED8CC00-1A53-4201-BA62-9280EBB0D2A8}"
	ProjectSection(SolutionItems) = preProject
		CreatePost.http = CreatePost.http
		GetAllPosts.http = GetAllPosts.http
	EndProjectSection
EndProject
Global
	GlobalSection(SolutionConfigurationPlatforms) = preSolution
		Debug|Any CPU = Debug|Any CPU
		Release|Any CPU = Release|Any CPU
	EndGlobalSection
	GlobalSection(ProjectConfigurationPlatforms) = postSolution
		{08C86253-830B-496B-A80A-30FAA07A683E}.Debug|Any CPU.ActiveCfg = Debug|Any CPU
		{08C86253-830B-496B-A80A-30FAA07A683E}.Debug|Any CPU.Build.0 = Debug|Any CPU
		{08C86253-830B-496B-A80A-30FAA07A683E}.Release|Any CPU.ActiveCfg = Release|Any CPU
		{08C86253-830B-496B-A80A-30FAA07A683E}.Release|Any CPU.Build.0 = Release|Any CPU
		{9057E319-B6D9-4F00-BD78-03E86ED7020C}.Debug|Any CPU.ActiveCfg = Debug|Any CPU
		{9057E319-B6D9-4F00-BD78-03E86ED7020C}.Debug|Any CPU.Build.0 = Debug|Any CPU
		{9057E319-B6D9-4F00-BD78-03E86ED7020C}.Release|Any CPU.ActiveCfg = Release|Any CPU
		{9057E319-B6D9-4F00-BD78-03E86ED7020C}.Release|Any CPU.Build.0 = Release|Any CPU
		{0B46D79A-2668-4D4A-95DC-CD5F5EA7FCE6}.Debug|Any CPU.ActiveCfg = Debug|Any CPU
		{0B46D79A-2668-4D4A-95DC-CD5F5EA7FCE6}.Debug|Any CPU.Build.0 = Debug|Any CPU
		{0B46D79A-2668-4D4A-95DC-CD5F5EA7FCE6}.Release|Any CPU.ActiveCfg = Release|Any CPU
		{0B46D79A-2668-4D4A-95DC-CD5F5EA7FCE6}.Release|Any CPU.Build.0 = Release|Any CPU
		{5D971CCB-4470-44BC-BE8B-7FFBEA19CEE2}.Debug|Any CPU.ActiveCfg = Debug|Any CPU
		{5D971CCB-4470-44BC-BE8B-7FFBEA19CEE2}.Debug|Any CPU.Build.0 = Debug|Any CPU
		{5D971CCB-4470-44BC-BE8B-7FFBEA19CEE2}.Release|Any CPU.ActiveCfg = Release|Any CPU
		{5D971CCB-4470-44BC-BE8B-7FFBEA19CEE2}.Release|Any CPU.Build.0 = Release|Any CPU
		{DC650F7F-0273-415E-9AF7-D0D8EE62D97E}.Debug|Any CPU.ActiveCfg = Debug|Any CPU
		{DC650F7F-0273-415E-9AF7-D0D8EE62D97E}.Debug|Any CPU.Build.0 = Debug|Any CPU
		{DC650F7F-0273-415E-9AF7-D0D8EE62D97E}.Release|Any CPU.ActiveCfg = Release|Any CPU
		{DC650F7F-0273-415E-9AF7-D0D8EE62D97E}.Release|Any CPU.Build.0 = Release|Any CPU
		{7D8B68FA-39F6-4CC4-B967-B05FCC864F62}.Debug|Any CPU.ActiveCfg = Debug|Any CPU
		{7D8B68FA-39F6-4CC4-B967-B05FCC864F62}.Debug|Any CPU.Build.0 = Debug|Any CPU
		{7D8B68FA-39F6-4CC4-B967-B05FCC864F62}.Release|Any CPU.ActiveCfg = Release|Any CPU
		{7D8B68FA-39F6-4CC4-B967-B05FCC864F62}.Release|Any CPU.Build.0 = Release|Any CPU
	EndGlobalSection
	GlobalSection(SolutionProperties) = preSolution
		HideSolutionNode = FALSE
	EndGlobalSection
	GlobalSection(NestedProjects) = preSolution
		{7D97B9E8-F5E6-48CA-90C1-360E51FB2A2D} = {0D0D89D5-166D-4E55-A647-574A426F9E72}
		{8D1BCC95-98C7-44E0-BC67-A409D220F100} = {0D0D89D5-166D-4E55-A647-574A426F9E72}
		{697FF24F-86D4-45B2-B0A9-B89FC22A6064} = {0D0D89D5-166D-4E55-A647-574A426F9E72}
		{EED8CC00-1A53-4201-BA62-9280EBB0D2A8} = {0D0D89D5-166D-4E55-A647-574A426F9E72}
	EndGlobalSection
	GlobalSection(ExtensibilityGlobals) = postSolution
		SolutionGuid = {C44AFB63-4A3D-4974-9C22-6747CF04F73B}
	EndGlobalSection
EndGlobal
